lockfileVersion: '9.0'

settings:
  autoInstallPeers: true
  excludeLinksFromLockfile: false

importers:

  .:
    dependencies:
      '@esbuild/win32-x64':
        specifier: 0.27.3
        version: 0.27.3
      '@rollup/rollup-win32-x64-msvc':
        specifier: 4.62.3
        version: 4.62.3
      '@tailwindcss/oxide-win32-x64-msvc':
        specifier: 4.3.3
        version: 4.3.3
      lightningcss-win32-x64-msvc:
        specifier: 1.32.0
        version: 1.32.0

packages:

  '@esbuild/win32-x64@0.27.3':
    resolution: {integrity: sha512-4uJGhsxuptu3OcpVAzli+/gWusVGwZZHTlS63hh++ehExkVT8SgiEf7/uC/PclrPPkLhZqGgCTjd0VWLo6xMqA==}
    engines: {node: '>=18'}
    cpu: [x64]
    os: [win32]

  '@rollup/rollup-win32-x64-msvc@4.62.3':
    resolution: {integrity: sha512-MOG/3gTOn4Fwf574RVOaY61I5o6P90legkFADiTyn1hyjNydT+cerU2rLUwPdZkKKyJ+iT+K9p7WXK4LM1Ka6g==}
    cpu: [x64]
    os: [win32]

  '@tailwindcss/oxide-win32-x64-msvc@4.3.3':
    resolution: {integrity: sha512-yJ0pwIVc/nYeGoV02WtsN8KYyLQv7kyI2wDnkezyJlGGjkd4QLwDGAwl47YpPJeuI0M0ObaXGSPjvWDPeTPggw==}
    engines: {node: '>= 20'}
    cpu: [x64]
    os: [win32]

  lightningcss-win32-x64-msvc@1.32.0:
    resolution: {integrity: sha512-Amq9B/SoZYdDi1kFrojnoqPLxYhQ4Wo5XiL8EVJrVsB8ARoC1PWW6VGtT0WKCemjy8aC+louJnjS7U18x3b06Q==}
    engines: {node: '>= 12.0.0'}
    cpu: [x64]
    os: [win32]

snapshots:

  '@esbuild/win32-x64@0.27.3': {}

  '@rollup/rollup-win32-x64-msvc@4.62.3': {}

  '@tailwindcss/oxide-win32-x64-msvc@4.3.3': {}

  lightningcss-win32-x64-msvc@1.32.0: {}
